
Microsoft Visual Studio Solution File, Format Version 12.00
# Visual Studio Version 16
VisualStudioVersion = 25.0.1706.12
MinimumVisualStudioVersion = 10.0.40219.1
Project("{FAE04EC0-301F-11D3-BF4B-00C04F79EFBC}") = "TestNet", "TestNet\TestNet.csproj", "{A3746E5B-19D3-476F-9EC1-686EB8179742}"
EndProject
Global
	GlobalSection(SolutionConfigurationPlatforms) = preSolution
		Debug|Any CPU = Debug|Any CPU
		Release|Any CPU = Release|Any CPU
	EndGlobalSection
	GlobalSection(ProjectConfigurationPlatforms) = postSolution
		{A3746E5B-19D3-476F-9EC1-686EB8179742}.Debug|Any CPU.ActiveCfg = Debug|Any CPU
		{A3746E5B-19D3-476F-9EC1-686EB8179742}.Debug|Any CPU.Build.0 = Debug|Any CPU
		{A3746E5B-19D3-476F-9EC1-686EB8179742}.Release|Any CPU.ActiveCfg = Release|Any CPU
		{A3746E5B-19D3-476F-9EC1-686EB8179742}.Release|Any CPU.Build.0 = Release|Any CPU
	EndGlobalSection
	GlobalSection(SolutionProperties) = preSolution
		HideSolutionNode = FALSE
	EndGlobalSection
	GlobalSection(ExtensibilityGlobals) = postSolution
		SolutionGuid = {093F8C91-095A-44AD-8EAE-B41C675B8CCB}
	EndGlobalSection
EndGlobal
